
Microsoft Visual Studio Solution File, Format Version 12.00
# Visual Studio Version 17
VisualStudioVersion = 17.8.34525.116
MinimumVisualStudioVersion = 10.0.40219.1
Project("{9A19103F-16F7-4668-BE54-9A1E7A4F7556}") = "IviMessageServer", "IviMessageServer\IviMessageServer.csproj", "{D89E8AAD-CA43-4760-9061-FE88C5B61CCD}"
EndProject
Global
	GlobalSection(SolutionConfigurationPlatforms) = preSolution
		Debug|Any CPU = Debug|Any CPU
		Release|Any CPU = Release|Any CPU
	EndGlobalSection
	GlobalSection(ProjectConfigurationPlatforms) = postSolution
		{D89E8AAD-CA43-4760-9061-FE88C5B61CCD}.Debug|Any CPU.ActiveCfg = Debug|Any CPU
		{D89E8AAD-CA43-4760-9061-FE88C5B61CCD}.Debug|Any CPU.Build.0 = Debug|Any CPU
		{D89E8AAD-CA43-4760-9061-FE88C5B61CCD}.Release|Any CPU.ActiveCfg = Release|Any CPU
		{D89E8AAD-CA43-4760-9061-FE88C5B61CCD}.Release|Any CPU.Build.0 = Release|Any CPU
	EndGlobalSection
	GlobalSection(SolutionProperties) = preSolution
		HideSolutionNode = FALSE
	EndGlobalSection
	GlobalSection(ExtensibilityGlobals) = postSolution
		SolutionGuid = {2524E7C6-2D95-4CBB-9CFE-CD153A927363}
	EndGlobalSection
EndGlobal
